// !$*UTF8*$!
{
	archiveVersion = 1;
	classes = {
	};
	objectVersion = 46;
	objects = {

/* Begin PBXBuildFile section */
		2AB7D7471AA051DF00CF4444 /* main.m in Sources */ = {isa = PBXBuildFile; fileRef = 2AB7D7461AA051DF00CF4444 /* main.m */; };
		2AB7D74A1AA051DF00CF4444 /* AppDelegate.m in Sources */ = {isa = PBXBuildFile; fileRef = 2AB7D7491AA051DF00CF4444 /* AppDelegate.m */; };
		2AB7D74D1AA051DF00CF4444 /* ViewController.m in Sources */ = {isa = PBXBuildFile; fileRef = 2AB7D74C1AA051DF00CF4444 /* ViewController.m */; };
		2AB7D7501AA051DF00CF4444 /* Main.storyboard in Resources */ = {isa = PBXBuildFile; fileRef = 2AB7D74E1AA051DF00CF4444 /* Main.storyboard */; };
		2AB7D7521AA051DF00CF4444 /* Images.xcassets in Resources */ = {isa = PBXBuildFile; fileRef = 2AB7D7511AA051DF00CF4444 /* Images.xcassets */; };
		2AB7D7551AA051DF00CF4444 /* LaunchScreen.xib in Resources */ = {isa = PBXBuildFile; fileRef = 2AB7D7531AA051DF00CF4444 /* LaunchScreen.xib */; };
		2AB7D7611AA051DF00CF4444 /* SimpleTableTests.m in Sources */ = {isa = PBXBuildFile; fileRef = 2AB7D7601AA051DF00CF4444 /* SimpleTableTests.m */; };
		2AB7D76B1AA0AD0700CF4444 /* creme_brelee.jpg in Resources */ = {isa = PBXBuildFile; fileRef = 2AB7D76A1AA0AD0700CF4444 /* creme_brelee.jpg */; };
/* End PBXBuildFile section */

/* Begin PBXContainerItemProxy section */
		2AB7D75B1AA051DF00CF4444 /* PBXContainerItemProxy */ = {
			isa = PBXContainerItemProxy;
			containerPortal = 2AB7D7391AA051DF00CF4444 /* Project object */;
			proxyType = 1;
			remoteGlobalIDString = 2AB7D7401AA051DF00CF4444;
			remoteInfo = SimpleTable;
		};
/* End PBXContainerItemProxy section */

/* Begin PBXFileReference section */
		2AB7D7411AA051DF00CF4444 /* SimpleTable.app */ = {isa = PBXFileReference; explicitFileType = wrapper.application; includeInIndex = 0; path = SimpleTable.app; sourceTree = BUILT_PRODUCTS_DIR; };
		2AB7D7451AA051DF00CF4444 /* Info.plist */ = {isa = PBXFileReference; lastKnownFileType = text.plist.xml; path = Info.plist; sourceTree = "<group>"; };
		2AB7D7461AA051DF00CF4444 /* main.m */ = {isa = PBXFileReference; lastKnownFileType = sourcecode.c.objc; path = main.m; sourceTree = "<group>"; };
		2AB7D7481AA051DF00CF4444 /* AppDelegate.h */ = {isa = PBXFileReference; lastKnownFileType = sourcecode.c.h; path = AppDelegate.h; sourceTree = "<group>"; };
		2AB7D7491AA051DF00CF4444 /* AppDelegate.m */ = {isa = PBXFileReference; lastKnownFileType = sourcecode.c.objc; path = AppDelegate.m; sourceTree = "<group>"; };
		2AB7D74B1AA051DF00CF4444 /* ViewController.h */ = {isa = PBXFileReference; lastKnownFileType = sourcecode.c.h; path = ViewController.h; sourceTree = "<group>"; };
		2AB7D74C1AA051DF00CF4444 /* ViewController.m */ = {isa = PBXFileReference; lastKnownFileType = sourcecode.c.objc; path = ViewController.m; sourceTree = "<group>"; };
		2AB7D74F1AA051DF00CF4444 /* Base */ = {isa = PBXFileReference; lastKnownFileType = file.storyboard; name = Base; path = Base.lproj/Main.storyboard; sourceTree = "<group>"; };
		2AB7D7511AA051DF00CF4444 /* Images.xcassets */ = {isa = PBXFileReference; lastKnownFileType = folder.assetcatalog; path = Images.xcassets; sourceTree = "<group>"; };
		2AB7D7541AA051DF00CF4444 /* Base */ = {isa = PBXFileReference; lastKnownFileType = file.xib; name = Base; path = Base.lproj/LaunchScreen.xib; sourceTree = "<group>"; };
		2AB7D75A1AA051DF00CF4444 /* SimpleTableTests.xctest */ = {isa = PBXFileReference; explicitFileType = wrapper.cfbundle; includeInIndex = 0; path = SimpleTableTests.xctest; sourceTree = BUILT_PRODUCTS_DIR; };
		2AB7D75F1AA051DF00CF4444 /* Info.plist */ = {isa = PBXFileReference; lastKnownFileType = text.plist.xml; path = Info.plist; sourceTree = "<group>"; };
		2AB7D7601AA051DF00CF4444 /* SimpleTableTests.m */ = {isa = PBXFileReference; lastKnownFileType = sourcecode.c.objc; path = SimpleTableTests.m; sourceTree = "<group>"; };
		2AB7D76A1AA0AD0700CF4444 /* creme_brelee.jpg */ = {isa = PBXFileReference; lastKnownFileType = image.jpeg; name = creme_brelee.jpg; path = "../../../Test apps IOS/SimpleTable/SimpleTable/creme_brelee.jpg"; sourceTree = "<group>"; };
/* End PBXFileReference section */

/* Begin PBXFrameworksBuildPhase section */
		2AB7D73E1AA051DF00CF4444 /* Frameworks */ = {
			isa = PBXFrameworksBuildPhase;
			buildActionMask = 2147483647;
			files = (
			);
			runOnlyForDeploymentPostprocessing = 0;
		};
		2AB7D7571AA051DF00CF4444 /* Frameworks */ = {
			isa = PBXFrameworksBuildPhase;
			buildActionMask = 2147483647;
			files = (
			);
			runOnlyForDeploymentPostprocessing = 0;
		};
/* End PBXFrameworksBuildPhase section */

/* Begin PBXGroup section */
		2AB7D7381AA051DF00CF4444 = {
			isa = PBXGroup;
			children = (
				2AB7D7431AA051DF00CF4444 /* SimpleTable */,
				2AB7D75D1AA051DF00CF4444 /* SimpleTableTests */,
				2AB7D7421AA051DF00CF4444 /* Products */,
			);
			sourceTree = "<group>";
		};
		2AB7D7421AA051DF00CF4444 /* Products */ = {
			isa = PBXGroup;
			children = (
				2AB7D7411AA051DF00CF4444 /* SimpleTable.app */,
				2AB7D75A1AA051DF00CF4444 /* SimpleTableTests.xctest */,
			);
			name = Products;
			sourceTree = "<group>";
		};
		2AB7D7431AA051DF00CF4444 /* SimpleTable */ = {
			isa = PBXGroup;
			children = (
				2AB7D76A1AA0AD0700CF4444 /* creme_brelee.jpg */,
				2AB7D7481AA051DF00CF4444 /* AppDelegate.h */,
				2AB7D7491AA051DF00CF4444 /* AppDelegate.m */,
				2AB7D74B1AA051DF00CF4444 /* ViewController.h */,
				2AB7D74C1AA051DF00CF4444 /* ViewController.m */,
				2AB7D74E1AA051DF00CF4444 /* Main.storyboard */,
				2AB7D7511AA051DF00CF4444 /* Images.xcassets */,
				2AB7D7531AA051DF00CF4444 /* LaunchScreen.xib */,
				2AB7D7441AA051DF00CF4444 /* Supporting Files */,
			);
			path = SimpleTable;
			sourceTree = "<group>";
		};
		2AB7D7441AA051DF00CF4444 /* Supporting Files */ = {
			isa = PBXGroup;
			children = (
				2AB7D7451AA051DF00CF4444 /* Info.plist */,
				2AB7D7461AA051DF00CF4444 /* main.m */,
			);
			name = "Supporting Files";
			sourceTree = "<group>";
		};
		2AB7D75D1AA051DF00CF4444 /* SimpleTableTests */ = {
			isa = PBXGroup;
			children = (
				2AB7D7601AA051DF00CF4444 /* SimpleTableTests.m */,
				2AB7D75E1AA051DF00CF4444 /* Supporting Files */,
			);
			path = SimpleTableTests;
			sourceTree = "<group>";
		};
		2AB7D75E1AA051DF00CF4444 /* Supporting Files */ = {
			isa = PBXGroup;
			children = (
				2AB7D75F1AA051DF00CF4444 /* Info.plist */,
			);
			name = "Supporting Files";
			sourceTree = "<group>";
		};
/* End PBXGroup section */

/* Begin PBXNativeTarget section */
		2AB7D7401AA051DF00CF4444 /* SimpleTable */ = {
			isa = PBXNativeTarget;
			buildConfigurationList = 2AB7D7641AA051DF00CF4444 /* Build configuration list for PBXNativeTarget "SimpleTable" */;
			buildPhases = (
				2AB7D73D1AA051DF00CF4444 /* Sources */,
				2AB7D73E1AA051DF00CF4444 /* Frameworks */,
				2AB7D73F1AA051DF00CF4444 /* Resources */,
			);
			buildRules = (
			);
			dependencies = (
			);
			name = SimpleTable;
			productName = SimpleTable;
			productReference = 2AB7D7411AA051DF00CF4444 /* SimpleTable.app */;
			productType = "com.apple.product-type.application";
		};
		2AB7D7591AA051DF00CF4444 /* SimpleTableTests */ = {
			isa = PBXNativeTarget;
			buildConfigurationList = 2AB7D7671AA051DF00CF4444 /* Build configuration list for PBXNativeTarget "SimpleTableTests" */;
			buildPhases = (
				2AB7D7561AA051DF00CF4444 /* Sources */,
				2AB7D7571AA051DF00CF4444 /* Frameworks */,
				2AB7D7581AA051DF00CF4444 /* Resources */,
			);
			buildRules = (
			);
			dependencies = (
				2AB7D75C1AA051DF00CF4444 /* PBXTargetDependency */,
			);
			name = SimpleTableTests;
			productName = SimpleTableTests;
			productReference = 2AB7D75A1AA051DF00CF4444 /* SimpleTableTests.xctest */;
			productType = "com.apple.product-type.bundle.unit-test";
		};
/* End PBXNativeTarget section */

/* Begin PBXProject section */
		2AB7D7391AA051DF00CF4444 /* Project object */ = {
			isa = PBXProject;
			attributes = {
				LastUpgradeCheck = 0610;
				ORGANIZATIONNAME = "Test Organization1";
				TargetAttributes = {
					2AB7D7401AA051DF00CF4444 = {
						CreatedOnToolsVersion = 6.1.1;
					};
					2AB7D7591AA051DF00CF4444 = {
						CreatedOnToolsVersion = 6.1.1;
						TestTargetID = 2AB7D7401AA051DF00CF4444;
					};
				};
			};
			buildConfigurationList = 2AB7D73C1AA051DF00CF4444 /* Build configuration list for PBXProject "SimpleTable" */;
			compatibilityVersion = "Xcode 3.2";
			developmentRegion = English;
			hasScannedForEncodings = 0;
			knownRegions = (
				en,
				Base,
			);
			mainGroup = 2AB7D7381AA051DF00CF4444;
			productRefGroup = 2AB7D7421AA051DF00CF4444 /* Products */;
			projectDirPath = "";
			projectRoot = "";
			targets = (
				2AB7D7401AA051DF00CF4444 /* SimpleTable */,
				2AB7D7591AA051DF00CF4444 /* SimpleTableTests */,
			);
		};
/* End PBXProject section */

/* Begin PBXResourcesBuildPhase section */
		2AB7D73F1AA051DF00CF4444 /* Resources */ = {
			isa = PBXResourcesBuildPhase;
			buildActionMask = 2147483647;
			files = (
				2AB7D7501AA051DF00CF4444 /* Main.storyboard in Resources */,
				2AB7D76B1AA0AD0700CF4444 /* creme_brelee.jpg in Resources */,
				2AB7D7551AA051DF00CF4444 /* LaunchScreen.xib in Resources */,
				2AB7D7521AA051DF00CF4444 /* Images.xcassets in Resources */,
			);
			runOnlyForDeploymentPostprocessing = 0;
		};
		2AB7D7581AA051DF00CF4444 /* Resources */ = {
			isa = PBXResourcesBuildPhase;
			buildActionMask = 2147483647;
			files = (
			);
			runOnlyForDeploymentPostprocessing = 0;
		};
/* End PBXResourcesBuildPhase section */

/* Begin PBXSourcesBuildPhase section */
		2AB7D73D1AA051DF00CF4444 /* Sources */ = {
			isa = PBXSourcesBuildPhase;
			buildActionMask = 2147483647;
			files = (
				2AB7D74D1AA051DF00CF4444 /* ViewController.m in Sources */,
				2AB7D74A1AA051DF00CF4444 /* AppDelegate.m in Sources */,
				2AB7D7471AA051DF00CF4444 /* main.m in Sources */,
			);
			runOnlyForDeploymentPostprocessing = 0;
		};
		2AB7D7561AA051DF00CF4444 /* Sources */ = {
			isa = PBXSourcesBuildPhase;
			buildActionMask = 2147483647;
			files = (
				2AB7D7611AA051DF00CF4444 /* SimpleTableTests.m in Sources */,
			);
			runOnlyForDeploymentPostprocessing = 0;
		};
/* End PBXSourcesBuildPhase section */

/* Begin PBXTargetDependency section */
		2AB7D75C1AA051DF00CF4444 /* PBXTargetDependency */ = {
			isa = PBXTargetDependency;
			target = 2AB7D7401AA051DF00CF4444 /* SimpleTable */;
			targetProxy = 2AB7D75B1AA051DF00CF4444 /* PBXContainerItemProxy */;
		};
/* End PBXTargetDependency section */

/* Begin PBXVariantGroup section */
		2AB7D74E1AA051DF00CF4444 /* Main.storyboard */ = {
			isa = PBXVariantGroup;
			children = (
				2AB7D74F1AA051DF00CF4444 /* Base */,
			);
			name = Main.storyboard;
			sourceTree = "<group>";
		};
		2AB7D7531AA051DF00CF4444 /* LaunchScreen.xib */ = {
			isa = PBXVariantGroup;
			children = (
				2AB7D7541AA051DF00CF4444 /* Base */,
			);
			name = LaunchScreen.xib;
			sourceTree = "<group>";
		};
/* End PBXVariantGroup section */

/* Begin XCBuildConfiguration section */
		2AB7D7621AA051DF00CF4444 /* Debug */ = {
			isa = XCBuildConfiguration;
			buildSettings = {
				ALWAYS_SEARCH_USER_PATHS = NO;
				CLANG_CXX_LANGUAGE_STANDARD = "gnu++0x";
				CLANG_CXX_LIBRARY = "libc++";
				CLANG_ENABLE_MODULES = YES;
				CLANG_ENABLE_OBJC_ARC = YES;
				CLANG_WARN_BOOL_CONVERSION = YES;
				CLANG_WARN_CONSTANT_CONVERSION = YES;
				CLANG_WARN_DIRECT_OBJC_ISA_USAGE = YES_ERROR;
				CLANG_WARN_EMPTY_BODY = YES;
				CLANG_WARN_ENUM_CONVERSION = YES;
				CLANG_WARN_INT_CONVERSION = YES;
				CLANG_WARN_OBJC_ROOT_CLASS = YES_ERROR;
				CLANG_WARN_UNREACHABLE_CODE = YES;
				CLANG_WARN__DUPLICATE_METHOD_MATCH = YES;
				"CODE_SIGN_IDENTITY[sdk=iphoneos*]" = "iPhone Developer";
				COPY_PHASE_STRIP = NO;
				ENABLE_STRICT_OBJC_MSGSEND = YES;
				GCC_C_LANGUAGE_STANDARD = gnu99;
				GCC_DYNAMIC_NO_PIC = NO;
				GCC_OPTIMIZATION_LEVEL = 0;
				GCC_PREPROCESSOR_DEFINITIONS = (
					"DEBUG=1",
					"$(inherited)",
				);
				GCC_SYMBOLS_PRIVATE_EXTERN = NO;
				GCC_WARN_64_TO_32_BIT_CONVERSION = YES;
				GCC_WARN_ABOUT_RETURN_TYPE = YES_ERROR;
				GCC_WARN_UNDECLARED_SELECTOR = YES;
				GCC_WARN_UNINITIALIZED_AUTOS = YES_AGGRESSIVE;
				GCC_WARN_UNUSED_FUNCTION = YES;
				GCC_WARN_UNUSED_VARIABLE = YES;
				IPHONEOS_DEPLOYMENT_TARGET = 8.1;
				MTL_ENABLE_DEBUG_INFO = YES;
				ONLY_ACTIVE_ARCH = YES;
				SDKROOT = iphoneos;
			};
			name = Debug;
		};
		2AB7D7631AA051DF00CF4444 /* Release */ = {
			isa = XCBuildConfiguration;
			buildSettings = {
				ALWAYS_SEARCH_USER_PATHS = NO;
				CLANG_CXX_LANGUAGE_STANDARD = "gnu++0x";
				CLANG_CXX_LIBRARY = "libc++";
				CLANG_ENABLE_MODULES = YES;
				CLANG_ENABLE_OBJC_ARC = YES;
				CLANG_WARN_BOOL_CONVERSION = YES;
				CLANG_WARN_CONSTANT_CONVERSION = YES;
				CLANG_WARN_DIRECT_OBJC_ISA_USAGE = YES_ERROR;
				CLANG_WARN_EMPTY_BODY = YES;
				CLANG_WARN_ENUM_CONVERSION = YES;
				CLANG_WARN_INT_CONVERSION = YES;
				CLANG_WARN_OBJC_ROOT_CLASS = YES_ERROR;
				CLANG_WARN_UNREACHABLE_CODE = YES;
				CLANG_WARN__DUPLICATE_METHOD_MATCH = YES;
				"CODE_SIGN_IDENTITY[sdk=iphoneos*]" = "iPhone Developer";
				COPY_PHASE_STRIP = YES;
				ENABLE_NS_ASSERTIONS = NO;
				ENABLE_STRICT_OBJC_MSGSEND = YES;
				GCC_C_LANGUAGE_STANDARD = gnu99;
				GCC_WARN_64_TO_32_BIT_CONVERSION = YES;
				GCC_WARN_ABOUT_RETURN_TYPE = YES_ERROR;
				GCC_WARN_UNDECLARED_SELECTOR = YES;
				GCC_WARN_UNINITIALIZED_AUTOS = YES_AGGRESSIVE;
				GCC_WARN_UNUSED_FUNCTION = YES;
				GCC_WARN_UNUSED_VARIABLE = YES;
				IPHONEOS_DEPLOYMENT_TARGET = 8.1;
				MTL_ENABLE_DEBUG_INFO = NO;
				SDKROOT = iphoneos;
				VALIDATE_PRODUCT = YES;
			};
			name = Release;
		};
		2AB7D7651AA051DF00CF4444 /* Debug */ = {
			isa = XCBuildConfiguration;
			buildSettings = {
				ASSETCATALOG_COMPILER_APPICON_NAME = AppIcon;
				INFOPLIST_FILE = SimpleTable/Info.plist;
				LD_RUNPATH_SEARCH_PATHS = "$(inherited) @executable_path/Frameworks";
				PRODUCT_NAME = "$(TARGET_NAME)";
			};
			name = Debug;
		};
		2AB7D7661AA051DF00CF4444 /* Release */ = {
			isa = XCBuildConfiguration;
			buildSettings = {
				ASSETCATALOG_COMPILER_APPICON_NAME = AppIcon;
				INFOPLIST_FILE = SimpleTable/Info.plist;
				LD_RUNPATH_SEARCH_PATHS = "$(inherited) @executable_path/Frameworks";
				PRODUCT_NAME = "$(TARGET_NAME)";
			};
			name = Release;
		};
		2AB7D7681AA051DF00CF4444 /* Debug */ = {
			isa = XCBuildConfiguration;
			buildSettings = {
				BUNDLE_LOADER = "$(TEST_HOST)";
				FRAMEWORK_SEARCH_PATHS = (
					"$(SDKROOT)/Developer/Library/Frameworks",
					"$(inherited)",
				);
				GCC_PREPROCESSOR_DEFINITIONS = (
					"DEBUG=1",
					"$(inherited)",
				);
				INFOPLIST_FILE = SimpleTableTests/Info.plist;
				LD_RUNPATH_SEARCH_PATHS = "$(inherited) @executable_path/Frameworks @loader_path/Frameworks";
				PRODUCT_NAME = "$(TARGET_NAME)";
				TEST_HOST = "$(BUILT_PRODUCTS_DIR)/SimpleTable.app/SimpleTable";
			};
			name = Debug;
		};
		2AB7D7691AA051DF00CF4444 /* Release */ = {
			isa = XCBuildConfiguration;
			buildSettings = {
				BUNDLE_LOADER = "$(TEST_HOST)";
				FRAMEWORK_SEARCH_PATHS = (
					"$(SDKROOT)/Developer/Library/Frameworks",
					"$(inherited)",
				);
				INFOPLIST_FILE = SimpleTableTests/Info.plist;
				LD_RUNPATH_SEARCH_PATHS = "$(inherited) @executable_path/Frameworks @loader_path/Frameworks";
				PRODUCT_NAME = "$(TARGET_NAME)";
				TEST_HOST = "$(BUILT_PRODUCTS_DIR)/SimpleTable.app/SimpleTable";
			};
			name = Release;
		};
/* End XCBuildConfiguration section */

/* Begin XCConfigurationList section */
		2AB7D73C1AA051DF00CF4444 /* Build configuration list for PBXProject "SimpleTable" */ = {
			isa = XCConfigurationList;
			buildConfigurations = (
				2AB7D7621AA051DF00CF4444 /* Debug */,
				2AB7D7631AA051DF00CF4444 /* Release */,
			);
			defaultConfigurationIsVisible = 0;
			defaultConfigurationName = Release;
		};
		2AB7D7641AA051DF00CF4444 /* Build configuration list for PBXNativeTarget "SimpleTable" */ = {
			isa = XCConfigurationList;
			buildConfigurations = (
				2AB7D7651AA051DF00CF4444 /* Debug */,
				2AB7D7661AA051DF00CF4444 /* Release */,
			);
			defaultConfigurationIsVisible = 0;
			defaultConfigurationName = Release;
		};
		2AB7D7671AA051DF00CF4444 /* Build configuration list for PBXNativeTarget "SimpleTableTests" */ = {
			isa = XCConfigurationList;
			buildConfigurations = (
				2AB7D7681AA051DF00CF4444 /* Debug */,
				2AB7D7691AA051DF00CF4444 /* Release */,
			);
			defaultConfigurationIsVisible = 0;
			defaultConfigurationName = Release;
		};
/* End XCConfigurationList section */
	};
	rootObject = 2AB7D7391AA051DF00CF4444 /* Project object */;
}
